
Microsoft Visual Studio Solution File, Format Version 12.00
# Visual Studio 2013
VisualStudioVersion = 12.0.31101.0
MinimumVisualStudioVersion = 10.0.40219.1
Project("{8BC9CEB8-8B4A-11D0-8D11-00A0C91BC942}") = "driver", "driver\driver.vcxproj", "{9592B778-E27C-46B0-973D-F4F76BCBF5A6}"
EndProject
Project("{2150E333-8FDC-42A3-9474-1A3956D46DE8}") = "Solution Items", "Solution Items", "{0EAA4096-4624-4233-802E-77CA9E846155}"
	ProjectSection(SolutionItems) = preProject
		.gitignore = .gitignore
	EndProjectSection
EndProject
Project("{8BC9CEB8-8B4A-11D0-8D11-00A0C91BC942}") = "dummy", "dummy\dummy.vcxproj", "{C503E12D-F0F0-4C91-8818-5A97979EF475}"
EndProject
Project("{8BC9CEB8-8B4A-11D0-8D11-00A0C91BC942}") = "tty", "tty\tty.vcxproj", "{BD1CC59B-FC28-438A-9821-CA5219B7D23D}"
EndProject
Project("{8BC9CEB8-8B4A-11D0-8D11-00A0C91BC942}") = "io", "io\io.vcxproj", "{6C18FF4B-60C4-4103-8073-826ADADBB642}"
EndProject
Project("{8BC9CEB8-8B4A-11D0-8D11-00A0C91BC942}") = "rtc", "rtc\rtc.vcxproj", "{1E4AB8B0-D6C0-43DF-8723-74A74D850DC6}"
EndProject
Project("{8BC9CEB8-8B4A-11D0-8D11-00A0C91BC942}") = "slcd", "slcd\slcd.vcxproj", "{2D1B44D7-0C21-4173-BAA6-19666275A323}"
EndProject
Project("{8BC9CEB8-8B4A-11D0-8D11-00A0C91BC942}") = "plc", "plc\plc.vcxproj", "{53D2C780-618C-43E1-A540-6CCCDB720B28}"
EndProject
Global
	GlobalSection(SolutionConfigurationPlatforms) = preSolution
		Debug|Win32 = Debug|Win32
		Release|Win32 = Release|Win32
	EndGlobalSection
	GlobalSection(ProjectConfigurationPlatforms) = postSolution
		{9592B778-E27C-46B0-973D-F4F76BCBF5A6}.Debug|Win32.ActiveCfg = Debug|Win32
		{9592B778-E27C-46B0-973D-F4F76BCBF5A6}.Debug|Win32.Build.0 = Debug|Win32
		{9592B778-E27C-46B0-973D-F4F76BCBF5A6}.Release|Win32.ActiveCfg = Release|Win32
		{9592B778-E27C-46B0-973D-F4F76BCBF5A6}.Release|Win32.Build.0 = Release|Win32
		{C503E12D-F0F0-4C91-8818-5A97979EF475}.Debug|Win32.ActiveCfg = Debug|Win32
		{C503E12D-F0F0-4C91-8818-5A97979EF475}.Debug|Win32.Build.0 = Debug|Win32
		{C503E12D-F0F0-4C91-8818-5A97979EF475}.Release|Win32.ActiveCfg = Release|Win32
		{C503E12D-F0F0-4C91-8818-5A97979EF475}.Release|Win32.Build.0 = Release|Win32
		{BD1CC59B-FC28-438A-9821-CA5219B7D23D}.Debug|Win32.ActiveCfg = Debug|Win32
		{BD1CC59B-FC28-438A-9821-CA5219B7D23D}.Debug|Win32.Build.0 = Debug|Win32
		{BD1CC59B-FC28-438A-9821-CA5219B7D23D}.Release|Win32.ActiveCfg = Release|Win32
		{BD1CC59B-FC28-438A-9821-CA5219B7D23D}.Release|Win32.Build.0 = Release|Win32
		{6C18FF4B-60C4-4103-8073-826ADADBB642}.Debug|Win32.ActiveCfg = Debug|Win32
		{6C18FF4B-60C4-4103-8073-826ADADBB642}.Debug|Win32.Build.0 = Debug|Win32
		{6C18FF4B-60C4-4103-8073-826ADADBB642}.Release|Win32.ActiveCfg = Release|Win32
		{6C18FF4B-60C4-4103-8073-826ADADBB642}.Release|Win32.Build.0 = Release|Win32
		{1E4AB8B0-D6C0-43DF-8723-74A74D850DC6}.Debug|Win32.ActiveCfg = Debug|Win32
		{1E4AB8B0-D6C0-43DF-8723-74A74D850DC6}.Debug|Win32.Build.0 = Debug|Win32
		{1E4AB8B0-D6C0-43DF-8723-74A74D850DC6}.Release|Win32.ActiveCfg = Release|Win32
		{1E4AB8B0-D6C0-43DF-8723-74A74D850DC6}.Release|Win32.Build.0 = Release|Win32
		{2D1B44D7-0C21-4173-BAA6-19666275A323}.Debug|Win32.ActiveCfg = Debug|Win32
		{2D1B44D7-0C21-4173-BAA6-19666275A323}.Debug|Win32.Build.0 = Debug|Win32
		{2D1B44D7-0C21-4173-BAA6-19666275A323}.Release|Win32.ActiveCfg = Release|Win32
		{2D1B44D7-0C21-4173-BAA6-19666275A323}.Release|Win32.Build.0 = Release|Win32
		{53D2C780-618C-43E1-A540-6CCCDB720B28}.Debug|Win32.ActiveCfg = Debug|Win32
		{53D2C780-618C-43E1-A540-6CCCDB720B28}.Debug|Win32.Build.0 = Debug|Win32
		{53D2C780-618C-43E1-A540-6CCCDB720B28}.Release|Win32.ActiveCfg = Release|Win32
		{53D2C780-618C-43E1-A540-6CCCDB720B28}.Release|Win32.Build.0 = Release|Win32
	EndGlobalSection
	GlobalSection(SolutionProperties) = preSolution
		HideSolutionNode = FALSE
	EndGlobalSection
EndGlobal
